Microsoft Visual Studio Solution File, Format Version 11.00
# Visual Studio 2008

Project("{A0AA5BF3-0ED8-3DE7-4411-35055603D3AD}") = "L3-2 - Tool Development - Component Time", "Assembly-CSharp-vs.csproj", "{095BB7EC-2B43-5A9D-260E-16677717D2AF}"
EndProject
Global
	GlobalSection(SolutionConfigurationPlatforms) = preSolution
		Debug|Any CPU = Debug|Any CPU
		Release|Any CPU = Release|Any CPU
	EndGlobalSection
	GlobalSection(ProjectConfigurationPlatforms) = postSolution
		{095BB7EC-2B43-5A9D-260E-16677717D2AF}.Debug|Any CPU.ActiveCfg = Debug|Any CPU
		{095BB7EC-2B43-5A9D-260E-16677717D2AF}.Debug|Any CPU.Build.0 = Debug|Any CPU
		{095BB7EC-2B43-5A9D-260E-16677717D2AF}.Release|Any CPU.ActiveCfg = Release|Any CPU
		{095BB7EC-2B43-5A9D-260E-16677717D2AF}.Release|Any CPU.Build.0 = Release|Any CPU
	EndGlobalSection
	GlobalSection(SolutionProperties) = preSolution
		HideSolutionNode = FALSE
	EndGlobalSection
													GlobalSection(MonoDevelopProperties) = preSolution
		StartupItem = Assembly-CSharp.csproj
		Policies = $0
		$0.TextStylePolicy = $1
		$1.inheritsSet = null
		$1.scope = text/x-csharp
		$0.CSharpFormattingPolicy = $2
		$2.inheritsSet = Mono
		$2.inheritsScope = text/x-csharp
		$2.scope = text/x-csharp
		$0.TextStylePolicy = $3
		$3.FileWidth = 120
		$3.TabWidth = 4
		$3.EolMarker = Unix
		$3.inheritsSet = Mono
		$3.inheritsScope = text/plain
		$3.scope = text/plain
	EndGlobalSection

EndGlobal
